
Microsoft Visual Studio Solution File, Format Version 12.00
# Visual Studio Version 17
VisualStudioVersion = 17.2.32516.85
MinimumVisualStudioVersion = 10.0.40219.1
Project("{FAE04EC0-301F-11D3-BF4B-00C04F79EFBC}") = "DS.RVT.PipeTest", "DS.RVT.Pipe\DS.RVT.PipeTest.csproj", "{77B9B926-E8A4-4B99-82C3-ACD72A79C7B7}"
EndProject
Project("{FAE04EC0-301F-11D3-BF4B-00C04F79EFBC}") = "DS.RVT.WaveAlgorythm", "DS.RVT.WaveAlgorythm\DS.RVT.WaveAlgorythm.csproj", "{986BE5AE-4531-4457-83AB-F42B44242788}"
EndProject
Project("{FAE04EC0-301F-11D3-BF4B-00C04F79EFBC}") = "PipesCollisionsElliminator", "PipesCollisionsElliminator\PipesCollisionsElliminator.csproj", "{5A3CAE97-4274-4F2D-AFFE-602A52B5190B}"
EndProject
Project("{FAE04EC0-301F-11D3-BF4B-00C04F79EFBC}") = "DS.RVT.Ribbon", "DS.RVT.RibbonForTest\DS.RVT.Ribbon.csproj", "{E6F61001-1E40-44F9-B007-262C1E3B2682}"
EndProject
Project("{FAE04EC0-301F-11D3-BF4B-00C04F79EFBC}") = "DS.RVT.AutoPipesCoordinarion", "DS.RVT.ToolToRibbon.Test\DS.RVT.AutoPipesCoordinarion.csproj", "{3423357B-A177-4697-B2BF-A720176B6135}"
EndProject
Project("{FAE04EC0-301F-11D3-BF4B-00C04F79EFBC}") = "DS.RVT.ModelSpaceFragmentation", "DS.RVT.ModelSpaceFragmentation\DS.RVT.ModelSpaceFragmentation.csproj", "{9208DCBD-3F74-477C-87E3-9598C551E538}"
EndProject
Project("{FAE04EC0-301F-11D3-BF4B-00C04F79EFBC}") = "NewTool1", "DS.RVT.ExtCmd.FW4.8.NewTool1\NewTool1.csproj", "{1477EE57-AE6D-436D-8446-274814E3F268}"
EndProject
Project("{FAE04EC0-301F-11D3-BF4B-00C04F79EFBC}") = "DS.RevitLib.ExternalEvents", "DS.RevitLib.ExternalEvents\DS.RevitLib.ExternalEvents.csproj", "{BCF72AE9-2C4E-4DC9-A6A9-DAD6A63D4B4E}"
EndProject
Global
	GlobalSection(SolutionConfigurationPlatforms) = preSolution
		Debug|Any CPU = Debug|Any CPU
		Release|Any CPU = Release|Any CPU
	EndGlobalSection
	GlobalSection(ProjectConfigurationPlatforms) = postSolution
		{77B9B926-E8A4-4B99-82C3-ACD72A79C7B7}.Debug|Any CPU.ActiveCfg = Debug|Any CPU
		{77B9B926-E8A4-4B99-82C3-ACD72A79C7B7}.Release|Any CPU.ActiveCfg = Release|Any CPU
		{77B9B926-E8A4-4B99-82C3-ACD72A79C7B7}.Release|Any CPU.Build.0 = Release|Any CPU
		{986BE5AE-4531-4457-83AB-F42B44242788}.Debug|Any CPU.ActiveCfg = Debug|Any CPU
		{986BE5AE-4531-4457-83AB-F42B44242788}.Release|Any CPU.ActiveCfg = Release|Any CPU
		{986BE5AE-4531-4457-83AB-F42B44242788}.Release|Any CPU.Build.0 = Release|Any CPU
		{5A3CAE97-4274-4F2D-AFFE-602A52B5190B}.Debug|Any CPU.ActiveCfg = Debug|Any CPU
		{5A3CAE97-4274-4F2D-AFFE-602A52B5190B}.Release|Any CPU.ActiveCfg = Release|Any CPU
		{5A3CAE97-4274-4F2D-AFFE-602A52B5190B}.Release|Any CPU.Build.0 = Release|Any CPU
		{E6F61001-1E40-44F9-B007-262C1E3B2682}.Debug|Any CPU.ActiveCfg = Debug|Any CPU
		{E6F61001-1E40-44F9-B007-262C1E3B2682}.Release|Any CPU.ActiveCfg = Release|Any CPU
		{E6F61001-1E40-44F9-B007-262C1E3B2682}.Release|Any CPU.Build.0 = Release|Any CPU
		{3423357B-A177-4697-B2BF-A720176B6135}.Debug|Any CPU.ActiveCfg = Debug|Any CPU
		{3423357B-A177-4697-B2BF-A720176B6135}.Release|Any CPU.ActiveCfg = Release|Any CPU
		{3423357B-A177-4697-B2BF-A720176B6135}.Release|Any CPU.Build.0 = Release|Any CPU
		{9208DCBD-3F74-477C-87E3-9598C551E538}.Debug|Any CPU.ActiveCfg = Debug|Any CPU
		{9208DCBD-3F74-477C-87E3-9598C551E538}.Release|Any CPU.ActiveCfg = Release|Any CPU
		{9208DCBD-3F74-477C-87E3-9598C551E538}.Release|Any CPU.Build.0 = Release|Any CPU
		{1477EE57-AE6D-436D-8446-274814E3F268}.Debug|Any CPU.ActiveCfg = Debug|Any CPU
		{1477EE57-AE6D-436D-8446-274814E3F268}.Debug|Any CPU.Build.0 = Debug|Any CPU
		{1477EE57-AE6D-436D-8446-274814E3F268}.Release|Any CPU.ActiveCfg = Release|Any CPU
		{1477EE57-AE6D-436D-8446-274814E3F268}.Release|Any CPU.Build.0 = Release|Any CPU
		{BCF72AE9-2C4E-4DC9-A6A9-DAD6A63D4B4E}.Debug|Any CPU.ActiveCfg = Debug|Any CPU
		{BCF72AE9-2C4E-4DC9-A6A9-DAD6A63D4B4E}.Release|Any CPU.ActiveCfg = Release|Any CPU
		{BCF72AE9-2C4E-4DC9-A6A9-DAD6A63D4B4E}.Release|Any CPU.Build.0 = Release|Any CPU
	EndGlobalSection
	GlobalSection(SolutionProperties) = preSolution
		HideSolutionNode = FALSE
	EndGlobalSection
	GlobalSection(ExtensibilityGlobals) = postSolution
		SolutionGuid = {1BA85609-C1CC-4F4F-A8E9-8ABB1E6EFD38}
	EndGlobalSection
EndGlobal
