
Microsoft Visual Studio Solution File, Format Version 12.00
# Visual Studio Version 17
VisualStudioVersion = 17.2.32516.85
MinimumVisualStudioVersion = 10.0.40219.1
Project("{FAE04EC0-301F-11D3-BF4B-00C04F79EFBC}") = "DS.RVT.PipeTest", "DS.RVT.Pipe\DS.RVT.PipeTest.csproj", "{77B9B926-E8A4-4B99-82C3-ACD72A79C7B7}"
EndProject
Project("{FAE04EC0-301F-11D3-BF4B-00C04F79EFBC}") = "DS.RVT.WaveAlgorythm", "DS.RVT.WaveAlgorythm\DS.RVT.WaveAlgorythm.csproj", "{986BE5AE-4531-4457-83AB-F42B44242788}"
EndProject
Project("{FAE04EC0-301F-11D3-BF4B-00C04F79EFBC}") = "PipesCollisionsElliminator", "PipesCollisionsElliminator\PipesCollisionsElliminator.csproj", "{5A3CAE97-4274-4F2D-AFFE-602A52B5190B}"
EndProject
Project("{FAE04EC0-301F-11D3-BF4B-00C04F79EFBC}") = "DS.RVT.Ribbon", "DS.RVT.RibbonForTest\DS.RVT.Ribbon.csproj", "{E6F61001-1E40-44F9-B007-262C1E3B2682}"
EndProject
Project("{FAE04EC0-301F-11D3-BF4B-00C04F79EFBC}") = "DS.RVT.AutoPipesCoordinarion", "DS.RVT.ToolToRibbon.Test\DS.RVT.AutoPipesCoordinarion.csproj", "{3423357B-A177-4697-B2BF-A720176B6135}"
EndProject
Project("{FAE04EC0-301F-11D3-BF4B-00C04F79EFBC}") = "DS.RVT.ModelSpaceFragmentation", "DS.RVT.ModelSpaceFragmentation\DS.RVT.ModelSpaceFragmentation.csproj", "{9208DCBD-3F74-477C-87E3-9598C551E538}"
EndProject
Project("{FAE04EC0-301F-11D3-BF4B-00C04F79EFBC}") = "DS.RevitLib.ExternalEvents", "DS.RevitLib.ExternalEvents\DS.RevitLib.ExternalEvents.csproj", "{BCF72AE9-2C4E-4DC9-A6A9-DAD6A63D4B4E}"
EndProject
Project("{FAE04EC0-301F-11D3-BF4B-00C04F79EFBC}") = "DS.RevitApp.OpenDocTest", "DS.RevitApp.OpenDocTest\DS.RevitApp.OpenDocTest.csproj", "{4ACA3974-17D1-4532-B37D-5D0EA0D3BD57}"
EndProject
Project("{FAE04EC0-301F-11D3-BF4B-00C04F79EFBC}") = "DS.RevitApp.Test", "DS.RevitApp.Test\DS.RevitApp.Test.csproj", "{5E7D867B-3629-46ED-A7D8-61EDDE093260}"
EndProject
Project("{FAE04EC0-301F-11D3-BF4B-00C04F79EFBC}") = "DS.RevitLib.MessageHandler", "DS.RevitLib.MessagedHandler\DS.RevitLib.MessageHandler.csproj", "{0F974B51-F8B3-42B2-8309-E097B1C0F116}"
EndProject
Project("{FAE04EC0-301F-11D3-BF4B-00C04F79EFBC}") = "DS.RevitLib.Utils", "..\DS.RevitLib.Utils\DS.RevitLib.Utils\DS.RevitLib.Utils.csproj", "{9873F185-F630-4BB2-94A4-D9665F32B802}"
EndProject
Project("{FAE04EC0-301F-11D3-BF4B-00C04F79EFBC}") = "DS.RevitApp.TransactionTest", "DS.RevitApp.TransactionTest\DS.RevitApp.TransactionTest.csproj", "{D6EDCB4C-E55E-4C43-816D-EE12684C9E6C}"
EndProject
Project("{FAE04EC0-301F-11D3-BF4B-00C04F79EFBC}") = "DS.ClassLib.VarUtils", "..\DS.CommonLib.Utils\DS.ClassLib.VarUtils\DS.ClassLib.VarUtils.csproj", "{97D2548B-BA7F-4C31-8F52-6BF929E0C37B}"
EndProject
Project("{FAE04EC0-301F-11D3-BF4B-00C04F79EFBC}") = "DS.RevitCmd.Template1", "DS.RevitCmd.Template1\DS.RevitCmd.Template1.csproj", "{D234FD64-2F0D-4337-A52A-3CEAB9C960B6}"
EndProject
Project("{FAE04EC0-301F-11D3-BF4B-00C04F79EFBC}") = "DS.RevitCmd.Template2", "DS.RevitCmd.Template2\DS.RevitCmd.Template2.csproj", "{5001871C-1085-4F99-AE94-542D4CD82E0B}"
EndProject
Project("{FAE04EC0-301F-11D3-BF4B-00C04F79EFBC}") = "DS.RevitCmd.MVVMTemplate3", "DS.RevitCmd.MVVMTemplate3\DS.RevitCmd.MVVMTemplate3.csproj", "{986618ED-6F85-4BA4-9E6A-F3B42870E1DB}"
EndProject
Global
	GlobalSection(SolutionConfigurationPlatforms) = preSolution
		Debug|Any CPU = Debug|Any CPU
		Release|Any CPU = Release|Any CPU
	EndGlobalSection
	GlobalSection(ProjectConfigurationPlatforms) = postSolution
		{77B9B926-E8A4-4B99-82C3-ACD72A79C7B7}.Debug|Any CPU.ActiveCfg = Debug|Any CPU
		{77B9B926-E8A4-4B99-82C3-ACD72A79C7B7}.Release|Any CPU.ActiveCfg = Release|Any CPU
		{77B9B926-E8A4-4B99-82C3-ACD72A79C7B7}.Release|Any CPU.Build.0 = Release|Any CPU
		{986BE5AE-4531-4457-83AB-F42B44242788}.Debug|Any CPU.ActiveCfg = Debug|Any CPU
		{986BE5AE-4531-4457-83AB-F42B44242788}.Release|Any CPU.ActiveCfg = Release|Any CPU
		{986BE5AE-4531-4457-83AB-F42B44242788}.Release|Any CPU.Build.0 = Release|Any CPU
		{5A3CAE97-4274-4F2D-AFFE-602A52B5190B}.Debug|Any CPU.ActiveCfg = Debug|Any CPU
		{5A3CAE97-4274-4F2D-AFFE-602A52B5190B}.Release|Any CPU.ActiveCfg = Release|Any CPU
		{5A3CAE97-4274-4F2D-AFFE-602A52B5190B}.Release|Any CPU.Build.0 = Release|Any CPU
		{E6F61001-1E40-44F9-B007-262C1E3B2682}.Debug|Any CPU.ActiveCfg = Debug|Any CPU
		{E6F61001-1E40-44F9-B007-262C1E3B2682}.Release|Any CPU.ActiveCfg = Release|Any CPU
		{E6F61001-1E40-44F9-B007-262C1E3B2682}.Release|Any CPU.Build.0 = Release|Any CPU
		{3423357B-A177-4697-B2BF-A720176B6135}.Debug|Any CPU.ActiveCfg = Debug|Any CPU
		{3423357B-A177-4697-B2BF-A720176B6135}.Release|Any CPU.ActiveCfg = Release|Any CPU
		{3423357B-A177-4697-B2BF-A720176B6135}.Release|Any CPU.Build.0 = Release|Any CPU
		{9208DCBD-3F74-477C-87E3-9598C551E538}.Debug|Any CPU.ActiveCfg = Debug|Any CPU
		{9208DCBD-3F74-477C-87E3-9598C551E538}.Release|Any CPU.ActiveCfg = Release|Any CPU
		{9208DCBD-3F74-477C-87E3-9598C551E538}.Release|Any CPU.Build.0 = Release|Any CPU
		{BCF72AE9-2C4E-4DC9-A6A9-DAD6A63D4B4E}.Debug|Any CPU.ActiveCfg = Debug|Any CPU
		{BCF72AE9-2C4E-4DC9-A6A9-DAD6A63D4B4E}.Release|Any CPU.ActiveCfg = Release|Any CPU
		{BCF72AE9-2C4E-4DC9-A6A9-DAD6A63D4B4E}.Release|Any CPU.Build.0 = Release|Any CPU
		{4ACA3974-17D1-4532-B37D-5D0EA0D3BD57}.Debug|Any CPU.ActiveCfg = Debug|Any CPU
		{4ACA3974-17D1-4532-B37D-5D0EA0D3BD57}.Release|Any CPU.ActiveCfg = Release|Any CPU
		{4ACA3974-17D1-4532-B37D-5D0EA0D3BD57}.Release|Any CPU.Build.0 = Release|Any CPU
		{5E7D867B-3629-46ED-A7D8-61EDDE093260}.Debug|Any CPU.ActiveCfg = Debug|Any CPU
		{5E7D867B-3629-46ED-A7D8-61EDDE093260}.Debug|Any CPU.Build.0 = Debug|Any CPU
		{5E7D867B-3629-46ED-A7D8-61EDDE093260}.Release|Any CPU.ActiveCfg = Release|Any CPU
		{5E7D867B-3629-46ED-A7D8-61EDDE093260}.Release|Any CPU.Build.0 = Release|Any CPU
		{0F974B51-F8B3-42B2-8309-E097B1C0F116}.Debug|Any CPU.ActiveCfg = Debug|Any CPU
		{0F974B51-F8B3-42B2-8309-E097B1C0F116}.Release|Any CPU.ActiveCfg = Release|Any CPU
		{0F974B51-F8B3-42B2-8309-E097B1C0F116}.Release|Any CPU.Build.0 = Release|Any CPU
		{9873F185-F630-4BB2-94A4-D9665F32B802}.Debug|Any CPU.ActiveCfg = Debug|Any CPU
		{9873F185-F630-4BB2-94A4-D9665F32B802}.Release|Any CPU.ActiveCfg = Release|Any CPU
		{9873F185-F630-4BB2-94A4-D9665F32B802}.Release|Any CPU.Build.0 = Release|Any CPU
		{D6EDCB4C-E55E-4C43-816D-EE12684C9E6C}.Debug|Any CPU.ActiveCfg = Debug|Any CPU
		{D6EDCB4C-E55E-4C43-816D-EE12684C9E6C}.Debug|Any CPU.Build.0 = Debug|Any CPU
		{D6EDCB4C-E55E-4C43-816D-EE12684C9E6C}.Release|Any CPU.ActiveCfg = Release|Any CPU
		{D6EDCB4C-E55E-4C43-816D-EE12684C9E6C}.Release|Any CPU.Build.0 = Release|Any CPU
		{97D2548B-BA7F-4C31-8F52-6BF929E0C37B}.Debug|Any CPU.ActiveCfg = Debug|Any CPU
		{97D2548B-BA7F-4C31-8F52-6BF929E0C37B}.Release|Any CPU.ActiveCfg = Release|Any CPU
		{97D2548B-BA7F-4C31-8F52-6BF929E0C37B}.Release|Any CPU.Build.0 = Release|Any CPU
		{D234FD64-2F0D-4337-A52A-3CEAB9C960B6}.Debug|Any CPU.ActiveCfg = Debug|Any CPU
		{D234FD64-2F0D-4337-A52A-3CEAB9C960B6}.Debug|Any CPU.Build.0 = Debug|Any CPU
		{D234FD64-2F0D-4337-A52A-3CEAB9C960B6}.Release|Any CPU.ActiveCfg = Release|Any CPU
		{D234FD64-2F0D-4337-A52A-3CEAB9C960B6}.Release|Any CPU.Build.0 = Release|Any CPU
		{5001871C-1085-4F99-AE94-542D4CD82E0B}.Debug|Any CPU.ActiveCfg = Debug|Any CPU
		{5001871C-1085-4F99-AE94-542D4CD82E0B}.Debug|Any CPU.Build.0 = Debug|Any CPU
		{5001871C-1085-4F99-AE94-542D4CD82E0B}.Release|Any CPU.ActiveCfg = Release|Any CPU
		{5001871C-1085-4F99-AE94-542D4CD82E0B}.Release|Any CPU.Build.0 = Release|Any CPU
		{986618ED-6F85-4BA4-9E6A-F3B42870E1DB}.Debug|Any CPU.ActiveCfg = Debug|Any CPU
		{986618ED-6F85-4BA4-9E6A-F3B42870E1DB}.Debug|Any CPU.Build.0 = Debug|Any CPU
		{986618ED-6F85-4BA4-9E6A-F3B42870E1DB}.Release|Any CPU.ActiveCfg = Release|Any CPU
		{986618ED-6F85-4BA4-9E6A-F3B42870E1DB}.Release|Any CPU.Build.0 = Release|Any CPU
	EndGlobalSection
	GlobalSection(SolutionProperties) = preSolution
		HideSolutionNode = FALSE
	EndGlobalSection
	GlobalSection(ExtensibilityGlobals) = postSolution
		SolutionGuid = {1BA85609-C1CC-4F4F-A8E9-8ABB1E6EFD38}
	EndGlobalSection
EndGlobal
