
Microsoft Visual Studio Solution File, Format Version 12.00
# Visual Studio Version 17
VisualStudioVersion = 17.2.32516.85
MinimumVisualStudioVersion = 10.0.40219.1
Project("{FAE04EC0-301F-11D3-BF4B-00C04F79EFBC}") = "DS.RevitCmd.EnergyTest", "DS.RevitCmd.EnergyTest.csproj", "{3C16F5D0-CAAB-44D5-99AF-F3C47FAE5B5F}"
EndProject
Project("{FAE04EC0-301F-11D3-BF4B-00C04F79EFBC}") = "DS.ClassLib.VarUtils", "..\..\DS.CommonLib.Utils\DS.ClassLib.VarUtils\DS.ClassLib.VarUtils.csproj", "{97D2548B-BA7F-4C31-8F52-6BF929E0C37B}"
EndProject
Project("{FAE04EC0-301F-11D3-BF4B-00C04F79EFBC}") = "OLMP.RevitAPI.Tools", "..\..\OLMP.RevitAPI\OLMP.RevitAPI.Tools\OLMP.RevitAPI.Tools.csproj", "{698A89CB-1B8A-46F5-9E67-8820C37C1ED5}"
EndProject
Project("{FAE04EC0-301F-11D3-BF4B-00C04F79EFBC}") = "DS.GraphUtils.Entities", "..\..\DS.GraphUtils\DS.GraphUtils.Entities\DS.GraphUtils.Entities\DS.GraphUtils.Entities.csproj", "{3F3C36E6-646A-47B2-AD46-81268EAD25B0}"
EndProject
Project("{FAE04EC0-301F-11D3-BF4B-00C04F79EFBC}") = "OLMP.RevitAPI.Develop", "..\..\OLMP.RevitAPI\OLMP.RevitAPI.Develop\OLMP.RevitAPI.Develop.csproj", "{675092CB-FCFC-48A0-8B40-C75EE017F557}"
EndProject
Global
	GlobalSection(SolutionConfigurationPlatforms) = preSolution
		Debug|Any CPU = Debug|Any CPU
		Release|Any CPU = Release|Any CPU
	EndGlobalSection
	GlobalSection(ProjectConfigurationPlatforms) = postSolution
		{3C16F5D0-CAAB-44D5-99AF-F3C47FAE5B5F}.Debug|Any CPU.ActiveCfg = Debug|Any CPU
		{3C16F5D0-CAAB-44D5-99AF-F3C47FAE5B5F}.Debug|Any CPU.Build.0 = Debug|Any CPU
		{3C16F5D0-CAAB-44D5-99AF-F3C47FAE5B5F}.Release|Any CPU.ActiveCfg = Release|Any CPU
		{3C16F5D0-CAAB-44D5-99AF-F3C47FAE5B5F}.Release|Any CPU.Build.0 = Release|Any CPU
		{97D2548B-BA7F-4C31-8F52-6BF929E0C37B}.Debug|Any CPU.ActiveCfg = Debug|Any CPU
		{97D2548B-BA7F-4C31-8F52-6BF929E0C37B}.Debug|Any CPU.Build.0 = Debug|Any CPU
		{97D2548B-BA7F-4C31-8F52-6BF929E0C37B}.Release|Any CPU.ActiveCfg = Release|Any CPU
		{97D2548B-BA7F-4C31-8F52-6BF929E0C37B}.Release|Any CPU.Build.0 = Release|Any CPU
		{698A89CB-1B8A-46F5-9E67-8820C37C1ED5}.Debug|Any CPU.ActiveCfg = Debug|Any CPU
		{698A89CB-1B8A-46F5-9E67-8820C37C1ED5}.Debug|Any CPU.Build.0 = Debug|Any CPU
		{698A89CB-1B8A-46F5-9E67-8820C37C1ED5}.Release|Any CPU.ActiveCfg = Release|Any CPU
		{698A89CB-1B8A-46F5-9E67-8820C37C1ED5}.Release|Any CPU.Build.0 = Release|Any CPU
		{3F3C36E6-646A-47B2-AD46-81268EAD25B0}.Debug|Any CPU.ActiveCfg = Debug|Any CPU
		{3F3C36E6-646A-47B2-AD46-81268EAD25B0}.Debug|Any CPU.Build.0 = Debug|Any CPU
		{3F3C36E6-646A-47B2-AD46-81268EAD25B0}.Release|Any CPU.ActiveCfg = Release|Any CPU
		{3F3C36E6-646A-47B2-AD46-81268EAD25B0}.Release|Any CPU.Build.0 = Release|Any CPU
		{675092CB-FCFC-48A0-8B40-C75EE017F557}.Debug|Any CPU.ActiveCfg = Debug|Any CPU
		{675092CB-FCFC-48A0-8B40-C75EE017F557}.Debug|Any CPU.Build.0 = Debug|Any CPU
		{675092CB-FCFC-48A0-8B40-C75EE017F557}.Release|Any CPU.ActiveCfg = Release|Any CPU
		{675092CB-FCFC-48A0-8B40-C75EE017F557}.Release|Any CPU.Build.0 = Release|Any CPU
	EndGlobalSection
	GlobalSection(SolutionProperties) = preSolution
		HideSolutionNode = FALSE
	EndGlobalSection
	GlobalSection(ExtensibilityGlobals) = postSolution
		SolutionGuid = {1BA85609-C1CC-4F4F-A8E9-8ABB1E6EFD38}
	EndGlobalSection
EndGlobal
